lockfile_version: '1'
generated_at: '2026-05-21T20:29:36.132987+00:00'
apm_version: 0.14.1
dependencies:
- repo_url: _local/apm-review-panel
  package_type: hybrid
  deployed_files:
  - .agents/skills/apm-review-panel
  source: local
  local_path: ./packages/apm-review-panel
- repo_url: _local/batch-bug-shepherd
  package_type: apm_package
  deployed_files:
  - .agents/skills/batch-bug-shepherd
  source: local
  local_path: ./packages/batch-bug-shepherd
local_deployed_files:
- .agents/skills/apm-strategy
- .agents/skills/apm-triage-panel
- .agents/skills/auth
- .agents/skills/cli-logging-ux
- .agents/skills/devx-ux
- .agents/skills/docs-impact-architect
- .agents/skills/docs-impact-classifier
- .agents/skills/docs-impact-localizer
- .agents/skills/docs-sync
- .agents/skills/oss-growth
- .agents/skills/pr-description-skill
- .agents/skills/python-architecture
- .agents/skills/supply-chain-security
- .github/agents/agentic-workflows.agent.md
- .github/agents/apm-ceo.agent.md
- .github/agents/apm-primitives-architect.agent.md
- .github/agents/auth-expert.agent.md
- .github/agents/cdo.agent.md
- .github/agents/cli-logging-expert.agent.md
- .github/agents/devx-ux-expert.agent.md
- .github/agents/doc-analyser.agent.md
- .github/agents/doc-writer.agent.md
- .github/agents/editorial-owner.agent.md
- .github/agents/oss-growth-hacker.agent.md
- .github/agents/python-architect.agent.md
- .github/agents/supply-chain-security-expert.agent.md
- .github/agents/test-coverage-expert.agent.md
- .github/instructions/changelog.instructions.md
- .github/instructions/cicd.instructions.md
- .github/instructions/cli.instructions.md
- .github/instructions/doc-sync.instructions.md
- .github/instructions/encoding.instructions.md
- .github/instructions/integrators.instructions.md
- .github/instructions/linting.instructions.md
- .github/instructions/python.instructions.md
- .github/instructions/tests.instructions.md
local_deployed_file_hashes:
  .github/agents/agentic-workflows.agent.md: sha256:d1ea2d038e2af8be11d6c95b3213b03b9777fae46f0438efa95d5a803e6c3765
  .github/agents/apm-ceo.agent.md: sha256:484da64428ea46a6183dffd3f30c9fc5fc5c747639c0c79e55be69dba0899323
  .github/agents/apm-primitives-architect.agent.md: sha256:6c01eab74ba18d70f21d45010d636cc6535d63cee81da12e61898d8036e0b028
  .github/agents/auth-expert.agent.md: sha256:18264a933cba432b77d133e6ae11eee294c92ed245629af8c9b7a5bb7a9a300c
  .github/agents/cdo.agent.md: sha256:71e7684942679f86199b6720fc69d52ef796a0ec28981250b9ad275a1ed41d31
  .github/agents/cli-logging-expert.agent.md: sha256:3ed7fe1a2e28e03a40311d4999ef54330908920d6515205708dd3f037abfcf0f
  .github/agents/devx-ux-expert.agent.md: sha256:8310d130cca5bc548baf4a2a84e3c9680c9dc5d83a2718150636896ab2aa1f30
  .github/agents/doc-analyser.agent.md: sha256:47b1d0204904b786c19d4fe84343e86cdab6f92f862f676ba741ffe6e1385679
  .github/agents/doc-writer.agent.md: sha256:328a5b9ea079869b8ccd914a6e2135c204225a5eedb42f59a1ec73058f7f0b47
  .github/agents/editorial-owner.agent.md: sha256:9dd101a9476dd93b67da1b823cc3b649f1227168fd809b108c74f9304262d860
  .github/agents/oss-growth-hacker.agent.md: sha256:1cd56bb78ab37d52c50e45ab69d759f775cd49cdf35981b3dc6c4004315c6b83
  .github/agents/python-architect.agent.md: sha256:7587ee7c684c61046a83dfa1b7e39d1345f2f119c3395478e3ca2dbbaaaff0e9
  .github/agents/supply-chain-security-expert.agent.md: sha256:8fb8cc426d6af17ba084a28b3f026c2b475b62e3ca63ed2f88b83bd823f877af
  .github/agents/test-coverage-expert.agent.md: sha256:bc588d89530362469502bfbea788df892a9a0b00e630cd0f3926d3dfd2c2a9e2
  .github/instructions/changelog.instructions.md: sha256:1e51ec4c74e847967962bd279dc4c6e582c5d3578490b3c28d5f3acd3e05f73e
  .github/instructions/cicd.instructions.md: sha256:9c0fafc74f743aa97e5adba2168d66c9e3a327b135065e3b804bdbb5f04cda5d
  .github/instructions/cli.instructions.md: sha256:8e39e8d5047ce88575cb02f87c2bcede584dfef258bd86f7466c7badf136541a
  .github/instructions/doc-sync.instructions.md: sha256:bb3816254f8df6bffc6faacd556871f36903e9d7f348982f1e2de0339384c696
  .github/instructions/encoding.instructions.md: sha256:93db7377dc896f6efecf2c5d8c5d89255a555562f468d034d64c42edd5cf46d5
  .github/instructions/integrators.instructions.md: sha256:b151e0438088d2c0b636dfc28532ecf43c3b51e5f1070a354b8d5b57c345e335
  .github/instructions/linting.instructions.md: sha256:8d31137f18842570bef6c93f8396587ac691e5fc973988bd865b008b0983f90d
  .github/instructions/python.instructions.md: sha256:45173f778eddc126c37c7ace96acd0e17adb1895031eec134ec0754638d3ba37
  .github/instructions/tests.instructions.md: sha256:b527ccaecf0e92f74d300fc9027f1bc49bb43d8ddcdd36338c1556fcde0d8b2d
